
Microsoft Visual Studio Solution File, Format Version 12.00
# Visual Studio 2012
Project("{FAE04EC0-301F-11D3-BF4B-00C04F79EFBC}") = "PortableMvxAsync.MvxPlugins.SimpleAsync", "PortableMvxAsync.MvxPlugins.SimpleAsync\PortableMvxAsync.MvxPlugins.SimpleAsync.csproj", "{DF0DDF76-A813-4556-96B1-348C74F64D99}"
EndProject
Global
	GlobalSection(SolutionConfigurationPlatforms) = preSolution
		Debug|Any CPU = Debug|Any CPU
		Release|Any CPU = Release|Any CPU
	EndGlobalSection
	GlobalSection(ProjectConfigurationPlatforms) = postSolution
		{DF0DDF76-A813-4556-96B1-348C74F64D99}.Debug|Any CPU.ActiveCfg = Debug|Any CPU
		{DF0DDF76-A813-4556-96B1-348C74F64D99}.Debug|Any CPU.Build.0 = Debug|Any CPU
		{DF0DDF76-A813-4556-96B1-348C74F64D99}.Release|Any CPU.ActiveCfg = Release|Any CPU
		{DF0DDF76-A813-4556-96B1-348C74F64D99}.Release|Any CPU.Build.0 = Release|Any CPU
	EndGlobalSection
	GlobalSection(SolutionProperties) = preSolution
		HideSolutionNode = FALSE
	EndGlobalSection
EndGlobal
